github.com/arnarg/go-iio-sensor-proxy v0.2.0 h1:5PZ3hFc9qsjAgIjvPtk4vSVmxlZbyYW6NwFQBuP2auY=
github.com/arnarg/go-iio-sensor-proxy v0.2.0/go.mod h1:Chdr67vqaS3AB79JS1rKmWU6wJr9nKBCKxXUsSwnD+o=
github.com/godbus/dbus/v5 v5.0.3 h1:ZqHaoEF7TBzh4jzPmqVhE/5A1z9of6orkAe5uHoAeME=
github.com/godbus/dbus/v5 v5.0.3/go.mod h1:xhWf0FNVPg57R7Z0UbKHbJfkEywrmjJnf7w5xrFpKfA=
